// !$*UTF8*$!
{
	archiveVersion = 1;
	classes = {
	};
	objectVersion = 55;
	objects = {

/* Begin PBXBuildFile section */
		07A1335D28375A0F00FF74BE /* AppDelegate.swift in Sources */ = {isa = PBXBuildFile; fileRef = 07A1335C28375A0F00FF74BE /* AppDelegate.swift */; };
		07A1335F28375A0F00FF74BE /* SceneDelegate.swift in Sources */ = {isa = PBXBuildFile; fileRef = 07A1335E28375A0F00FF74BE /* SceneDelegate.swift */; };
		07A1336128375A0F00FF74BE /* ViewController.swift in Sources */ = {isa = PBXBuildFile; fileRef = 07A1336028375A0F00FF74BE /* ViewController.swift */; };
		07A1336428375A0F00FF74BE /* Main.storyboard in Resources */ = {isa = PBXBuildFile; fileRef = 07A1336228375A0F00FF74BE /* Main.storyboard */; };
		07A1336628375A1000FF74BE /* Assets.xcassets in Resources */ = {isa = PBXBuildFile; fileRef = 07A1336528375A1000FF74BE /* Assets.xcassets */; };
		07A1336928375A1000FF74BE /* LaunchScreen.storyboard in Resources */ = {isa = PBXBuildFile; fileRef = 07A1336728375A1000FF74BE /* LaunchScreen.storyboard */; };
		07A1337428375A1000FF74BE /* Practice_TDD_PokerTests.swift in Sources */ = {isa = PBXBuildFile; fileRef = 07A1337328375A1000FF74BE /* Practice_TDD_PokerTests.swift */; };
		07A1337E28375A1000FF74BE /* Practice_TDD_PokerUITests.swift in Sources */ = {isa = PBXBuildFile; fileRef = 07A1337D28375A1000FF74BE /* Practice_TDD_PokerUITests.swift */; };
		07A1338028375A1000FF74BE /* Practice_TDD_PokerUITestsLaunchTests.swift in Sources */ = {isa = PBXBuildFile; fileRef = 07A1337F28375A1000FF74BE /* Practice_TDD_PokerUITestsLaunchTests.swift */; };
		07A1338E28375CBC00FF74BE /* Card.swift in Sources */ = {isa = PBXBuildFile; fileRef = 07A1338D28375CBB00FF74BE /* Card.swift */; };
/* End PBXBuildFile section */

/* Begin PBXContainerItemProxy section */
		07A1337028375A1000FF74BE /* PBXContainerItemProxy */ = {
			isa = PBXContainerItemProxy;
			containerPortal = 07A1335128375A0F00FF74BE /* Project object */;
			proxyType = 1;
			remoteGlobalIDString = 07A1335828375A0F00FF74BE;
			remoteInfo = "Practice-TDD-Poker";
		};
		07A1337A28375A1000FF74BE /* PBXContainerItemProxy */ = {
			isa = PBXContainerItemProxy;
			containerPortal = 07A1335128375A0F00FF74BE /* Project object */;
			proxyType = 1;
			remoteGlobalIDString = 07A1335828375A0F00FF74BE;
			remoteInfo = "Practice-TDD-Poker";
		};
/* End PBXContainerItemProxy section */

/* Begin PBXFileReference section */
		07A1335928375A0F00FF74BE /* Practice-TDD-Poker.app */ = {isa = PBXFileReference; explicitFileType = wrapper.application; includeInIndex = 0; path = "Practice-TDD-Poker.app"; sourceTree = BUILT_PRODUCTS_DIR; };
		07A1335C28375A0F00FF74BE /* AppDelegate.swift */ = {isa = PBXFileReference; lastKnownFileType = sourcecode.swift; path = AppDelegate.swift; sourceTree = "<group>"; };
		07A1335E28375A0F00FF74BE /* SceneDelegate.swift */ = {isa = PBXFileReference; lastKnownFileType = sourcecode.swift; path = SceneDelegate.swift; sourceTree = "<group>"; };
		07A1336028375A0F00FF74BE /* ViewController.swift */ = {isa = PBXFileReference; lastKnownFileType = sourcecode.swift; path = ViewController.swift; sourceTree = "<group>"; };
		07A1336328375A0F00FF74BE /* Base */ = {isa = PBXFileReference; lastKnownFileType = file.storyboard; name = Base; path = Base.lproj/Main.storyboard; sourceTree = "<group>"; };
		07A1336528375A1000FF74BE /* Assets.xcassets */ = {isa = PBXFileReference; lastKnownFileType = folder.assetcatalog; path = Assets.xcassets; sourceTree = "<group>"; };
		07A1336828375A1000FF74BE /* Base */ = {isa = PBXFileReference; lastKnownFileType = file.storyboard; name = Base; path = Base.lproj/LaunchScreen.storyboard; sourceTree = "<group>"; };
		07A1336A28375A1000FF74BE /* Info.plist */ = {isa = PBXFileReference; lastKnownFileType = text.plist.xml; path = Info.plist; sourceTree = "<group>"; };
		07A1336F28375A1000FF74BE /* Practice-TDD-PokerTests.xctest */ = {isa = PBXFileReference; explicitFileType = wrapper.cfbundle; includeInIndex = 0; path = "Practice-TDD-PokerTests.xctest"; sourceTree = BUILT_PRODUCTS_DIR; };
		07A1337328375A1000FF74BE /* Practice_TDD_PokerTests.swift */ = {isa = PBXFileReference; lastKnownFileType = sourcecode.swift; path = Practice_TDD_PokerTests.swift; sourceTree = "<group>"; };
		07A1337928375A1000FF74BE /* Practice-TDD-PokerUITests.xctest */ = {isa = PBXFileReference; explicitFileType = wrapper.cfbundle; includeInIndex = 0; path = "Practice-TDD-PokerUITests.xctest"; sourceTree = BUILT_PRODUCTS_DIR; };
		07A1337D28375A1000FF74BE /* Practice_TDD_PokerUITests.swift */ = {isa = PBXFileReference; lastKnownFileType = sourcecode.swift; path = Practice_TDD_PokerUITests.swift; sourceTree = "<group>"; };
		07A1337F28375A1000FF74BE /* Practice_TDD_PokerUITestsLaunchTests.swift */ = {isa = PBXFileReference; lastKnownFileType = sourcecode.swift; path = Practice_TDD_PokerUITestsLaunchTests.swift; sourceTree = "<group>"; };
		07A1338D28375CBB00FF74BE /* Card.swift */ = {isa = PBXFileReference; lastKnownFileType = sourcecode.swift; path = Card.swift; sourceTree = "<group>"; };
/* End PBXFileReference section */

/* Begin PBXFrameworksBuildPhase section */
		07A1335628375A0F00FF74BE /* Frameworks */ = {
			isa = PBXFrameworksBuildPhase;
			buildActionMask = 2147483647;
			files = (
			);
			runOnlyForDeploymentPostprocessing = 0;
		};
		07A1336C28375A1000FF74BE /* Frameworks */ = {
			isa = PBXFrameworksBuildPhase;
			buildActionMask = 2147483647;
			files = (
			);
			runOnlyForDeploymentPostprocessing = 0;
		};
		07A1337628375A1000FF74BE /* Frameworks */ = {
			isa = PBXFrameworksBuildPhase;
			buildActionMask = 2147483647;
			files = (
			);
			runOnlyForDeploymentPostprocessing = 0;
		};
/* End PBXFrameworksBuildPhase section */

/* Begin PBXGroup section */
		07A1335028375A0F00FF74BE = {
			isa = PBXGroup;
			children = (
				07A1335B28375A0F00FF74BE /* Practice-TDD-Poker */,
				07A1337228375A1000FF74BE /* Practice-TDD-PokerTests */,
				07A1337C28375A1000FF74BE /* Practice-TDD-PokerUITests */,
				07A1335A28375A0F00FF74BE /* Products */,
			);
			sourceTree = "<group>";
		};
		07A1335A28375A0F00FF74BE /* Products */ = {
			isa = PBXGroup;
			children = (
				07A1335928375A0F00FF74BE /* Practice-TDD-Poker.app */,
				07A1336F28375A1000FF74BE /* Practice-TDD-PokerTests.xctest */,
				07A1337928375A1000FF74BE /* Practice-TDD-PokerUITests.xctest */,
			);
			name = Products;
			sourceTree = "<group>";
		};
		07A1335B28375A0F00FF74BE /* Practice-TDD-Poker */ = {
			isa = PBXGroup;
			children = (
				07A1335C28375A0F00FF74BE /* AppDelegate.swift */,
				07A1335E28375A0F00FF74BE /* SceneDelegate.swift */,
				07A1336028375A0F00FF74BE /* ViewController.swift */,
				07A1338D28375CBB00FF74BE /* Card.swift */,
				07A1336228375A0F00FF74BE /* Main.storyboard */,
				07A1336528375A1000FF74BE /* Assets.xcassets */,
				07A1336728375A1000FF74BE /* LaunchScreen.storyboard */,
				07A1336A28375A1000FF74BE /* Info.plist */,
			);
			path = "Practice-TDD-Poker";
			sourceTree = "<group>";
		};
		07A1337228375A1000FF74BE /* Practice-TDD-PokerTests */ = {
			isa = PBXGroup;
			children = (
				07A1337328375A1000FF74BE /* Practice_TDD_PokerTests.swift */,
			);
			path = "Practice-TDD-PokerTests";
			sourceTree = "<group>";
		};
		07A1337C28375A1000FF74BE /* Practice-TDD-PokerUITests */ = {
			isa = PBXGroup;
			children = (
				07A1337D28375A1000FF74BE /* Practice_TDD_PokerUITests.swift */,
				07A1337F28375A1000FF74BE /* Practice_TDD_PokerUITestsLaunchTests.swift */,
			);
			path = "Practice-TDD-PokerUITests";
			sourceTree = "<group>";
		};
/* End PBXGroup section */

/* Begin PBXNativeTarget section */
		07A1335828375A0F00FF74BE /* Practice-TDD-Poker */ = {
			isa = PBXNativeTarget;
			buildConfigurationList = 07A1338328375A1000FF74BE /* Build configuration list for PBXNativeTarget "Practice-TDD-Poker" */;
			buildPhases = (
				07A1335528375A0F00FF74BE /* Sources */,
				07A1335628375A0F00FF74BE /* Frameworks */,
				07A1335728375A0F00FF74BE /* Resources */,
			);
			buildRules = (
			);
			dependencies = (
			);
			name = "Practice-TDD-Poker";
			productName = "Practice-TDD-Poker";
			productReference = 07A1335928375A0F00FF74BE /* Practice-TDD-Poker.app */;
			productType = "com.apple.product-type.application";
		};
		07A1336E28375A1000FF74BE /* Practice-TDD-PokerTests */ = {
			isa = PBXNativeTarget;
			buildConfigurationList = 07A1338628375A1000FF74BE /* Build configuration list for PBXNativeTarget "Practice-TDD-PokerTests" */;
			buildPhases = (
				07A1336B28375A1000FF74BE /* Sources */,
				07A1336C28375A1000FF74BE /* Frameworks */,
				07A1336D28375A1000FF74BE /* Resources */,
			);
			buildRules = (
			);
			dependencies = (
				07A1337128375A1000FF74BE /* PBXTargetDependency */,
			);
			name = "Practice-TDD-PokerTests";
			productName = "Practice-TDD-PokerTests";
			productReference = 07A1336F28375A1000FF74BE /* Practice-TDD-PokerTests.xctest */;
			productType = "com.apple.product-type.bundle.unit-test";
		};
		07A1337828375A1000FF74BE /* Practice-TDD-PokerUITests */ = {
			isa = PBXNativeTarget;
			buildConfigurationList = 07A1338928375A1000FF74BE /* Build configuration list for PBXNativeTarget "Practice-TDD-PokerUITests" */;
			buildPhases = (
				07A1337528375A1000FF74BE /* Sources */,
				07A1337628375A1000FF74BE /* Frameworks */,
				07A1337728375A1000FF74BE /* Resources */,
			);
			buildRules = (
			);
			dependencies = (
				07A1337B28375A1000FF74BE /* PBXTargetDependency */,
			);
			name = "Practice-TDD-PokerUITests";
			productName = "Practice-TDD-PokerUITests";
			productReference = 07A1337928375A1000FF74BE /* Practice-TDD-PokerUITests.xctest */;
			productType = "com.apple.product-type.bundle.ui-testing";
		};
/* End PBXNativeTarget section */

/* Begin PBXProject section */
		07A1335128375A0F00FF74BE /* Project object */ = {
			isa = PBXProject;
			attributes = {
				BuildIndependentTargetsInParallel = 1;
				LastSwiftUpdateCheck = 1340;
				LastUpgradeCheck = 1340;
				TargetAttributes = {
					07A1335828375A0F00FF74BE = {
						CreatedOnToolsVersion = 13.4;
					};
					07A1336E28375A1000FF74BE = {
						CreatedOnToolsVersion = 13.4;
						TestTargetID = 07A1335828375A0F00FF74BE;
					};
					07A1337828375A1000FF74BE = {
						CreatedOnToolsVersion = 13.4;
						TestTargetID = 07A1335828375A0F00FF74BE;
					};
				};
			};
			buildConfigurationList = 07A1335428375A0F00FF74BE /* Build configuration list for PBXProject "Practice-TDD-Poker" */;
			compatibilityVersion = "Xcode 13.0";
			developmentRegion = en;
			hasScannedForEncodings = 0;
			knownRegions = (
				en,
				Base,
			);
			mainGroup = 07A1335028375A0F00FF74BE;
			productRefGroup = 07A1335A28375A0F00FF74BE /* Products */;
			projectDirPath = "";
			projectRoot = "";
			targets = (
				07A1335828375A0F00FF74BE /* Practice-TDD-Poker */,
				07A1336E28375A1000FF74BE /* Practice-TDD-PokerTests */,
				07A1337828375A1000FF74BE /* Practice-TDD-PokerUITests */,
			);
		};
/* End PBXProject section */

/* Begin PBXResourcesBuildPhase section */
		07A1335728375A0F00FF74BE /* Resources */ = {
			isa = PBXResourcesBuildPhase;
			buildActionMask = 2147483647;
			files = (
				07A1336928375A1000FF74BE /* LaunchScreen.storyboard in Resources */,
				07A1336628375A1000FF74BE /* Assets.xcassets in Resources */,
				07A1336428375A0F00FF74BE /* Main.storyboard in Resources */,
			);
			runOnlyForDeploymentPostprocessing = 0;
		};
		07A1336D28375A1000FF74BE /* Resources */ = {
			isa = PBXResourcesBuildPhase;
			buildActionMask = 2147483647;
			files = (
			);
			runOnlyForDeploymentPostprocessing = 0;
		};
		07A1337728375A1000FF74BE /* Resources */ = {
			isa = PBXResourcesBuildPhase;
			buildActionMask = 2147483647;
			files = (
			);
			runOnlyForDeploymentPostprocessing = 0;
		};
/* End PBXResourcesBuildPhase section */

/* Begin PBXSourcesBuildPhase section */
		07A1335528375A0F00FF74BE /* Sources */ = {
			isa = PBXSourcesBuildPhase;
			buildActionMask = 2147483647;
			files = (
				07A1336128375A0F00FF74BE /* ViewController.swift in Sources */,
				07A1335D28375A0F00FF74BE /* AppDelegate.swift in Sources */,
				07A1335F28375A0F00FF74BE /* SceneDelegate.swift in Sources */,
				07A1338E28375CBC00FF74BE /* Card.swift in Sources */,
			);
			runOnlyForDeploymentPostprocessing = 0;
		};
		07A1336B28375A1000FF74BE /* Sources */ = {
			isa = PBXSourcesBuildPhase;
			buildActionMask = 2147483647;
			files = (
				07A1337428375A1000FF74BE /* Practice_TDD_PokerTests.swift in Sources */,
			);
			runOnlyForDeploymentPostprocessing = 0;
		};
		07A1337528375A1000FF74BE /* Sources */ = {
			isa = PBXSourcesBuildPhase;
			buildActionMask = 2147483647;
			files = (
				07A1338028375A1000FF74BE /* Practice_TDD_PokerUITestsLaunchTests.swift in Sources */,
				07A1337E28375A1000FF74BE /* Practice_TDD_PokerUITests.swift in Sources */,
			);
			runOnlyForDeploymentPostprocessing = 0;
		};
/* End PBXSourcesBuildPhase section */

/* Begin PBXTargetDependency section */
		07A1337128375A1000FF74BE /* PBXTargetDependency */ = {
			isa = PBXTargetDependency;
			target = 07A1335828375A0F00FF74BE /* Practice-TDD-Poker */;
			targetProxy = 07A1337028375A1000FF74BE /* PBXContainerItemProxy */;
		};
		07A1337B28375A1000FF74BE /* PBXTargetDependency */ = {
			isa = PBXTargetDependency;
			target = 07A1335828375A0F00FF74BE /* Practice-TDD-Poker */;
			targetProxy = 07A1337A28375A1000FF74BE /* PBXContainerItemProxy */;
		};
/* End PBXTargetDependency section */

/* Begin PBXVariantGroup section */
		07A1336228375A0F00FF74BE /* Main.storyboard */ = {
			isa = PBXVariantGroup;
			children = (
				07A1336328375A0F00FF74BE /* Base */,
			);
			name = Main.storyboard;
			sourceTree = "<group>";
		};
		07A1336728375A1000FF74BE /* LaunchScreen.storyboard */ = {
			isa = PBXVariantGroup;
			children = (
				07A1336828375A1000FF74BE /* Base */,
			);
			name = LaunchScreen.storyboard;
			sourceTree = "<group>";
		};
/* End PBXVariantGroup section */

/* Begin XCBuildConfiguration section */
		07A1338128375A1000FF74BE /* Debug */ = {
			isa = XCBuildConfiguration;
			buildSettings = {
				ALWAYS_SEARCH_USER_PATHS = NO;
				CLANG_ANALYZER_NONNULL = YES;
				CLANG_ANALYZER_NUMBER_OBJECT_CONVERSION = YES_AGGRESSIVE;
				CLANG_CXX_LANGUAGE_STANDARD = "gnu++17";
				CLANG_ENABLE_MODULES = YES;
				CLANG_ENABLE_OBJC_ARC = YES;
				CLANG_ENABLE_OBJC_WEAK = YES;
				CLANG_WARN_BLOCK_CAPTURE_AUTORELEASING = YES;
				CLANG_WARN_BOOL_CONVERSION = YES;
				CLANG_WARN_COMMA = YES;
				CLANG_WARN_CONSTANT_CONVERSION = YES;
				CLANG_WARN_DEPRECATED_OBJC_IMPLEMENTATIONS = YES;
				CLANG_WARN_DIRECT_OBJC_ISA_USAGE = YES_ERROR;
				CLANG_WARN_DOCUMENTATION_COMMENTS = YES;
				CLANG_WARN_EMPTY_BODY = YES;
				CLANG_WARN_ENUM_CONVERSION = YES;
				CLANG_WARN_INFINITE_RECURSION = YES;
				CLANG_WARN_INT_CONVERSION = YES;
				CLANG_WARN_NON_LITERAL_NULL_CONVERSION = YES;
				CLANG_WARN_OBJC_IMPLICIT_RETAIN_SELF = YES;
				CLANG_WARN_OBJC_LITERAL_CONVERSION = YES;
				CLANG_WARN_OBJC_ROOT_CLASS = YES_ERROR;
				CLANG_WARN_QUOTED_INCLUDE_IN_FRAMEWORK_HEADER = YES;
				CLANG_WARN_RANGE_LOOP_ANALYSIS = YES;
				CLANG_WARN_STRICT_PROTOTYPES = YES;
				CLANG_WARN_SUSPICIOUS_MOVE = YES;
				CLANG_WARN_UNGUARDED_AVAILABILITY = YES_AGGRESSIVE;
				CLANG_WARN_UNREACHABLE_CODE = YES;
				CLANG_WARN__DUPLICATE_METHOD_MATCH = YES;
				COPY_PHASE_STRIP = NO;
				DEBUG_INFORMATION_FORMAT = dwarf;
				ENABLE_STRICT_OBJC_MSGSEND = YES;
				ENABLE_TESTABILITY = YES;
				GCC_C_LANGUAGE_STANDARD = gnu11;
				GCC_DYNAMIC_NO_PIC = NO;
				GCC_NO_COMMON_BLOCKS = YES;
				GCC_OPTIMIZATION_LEVEL = 0;
				GCC_PREPROCESSOR_DEFINITIONS = (
					"DEBUG=1",
					"$(inherited)",
				);
				GCC_WARN_64_TO_32_BIT_CONVERSION = YES;
				GCC_WARN_ABOUT_RETURN_TYPE = YES_ERROR;
				GCC_WARN_UNDECLARED_SELECTOR = YES;
				GCC_WARN_UNINITIALIZED_AUTOS = YES_AGGRESSIVE;
				GCC_WARN_UNUSED_FUNCTION = YES;
				GCC_WARN_UNUSED_VARIABLE = YES;
				IPHONEOS_DEPLOYMENT_TARGET = 15.5;
				MTL_ENABLE_DEBUG_INFO = INCLUDE_SOURCE;
				MTL_FAST_MATH = YES;
				ONLY_ACTIVE_ARCH = YES;
				SDKROOT = iphoneos;
				SWIFT_ACTIVE_COMPILATION_CONDITIONS = DEBUG;
				SWIFT_OPTIMIZATION_LEVEL = "-Onone";
			};
			name = Debug;
		};
		07A1338228375A1000FF74BE /* Release */ = {
			isa = XCBuildConfiguration;
			buildSettings = {
				ALWAYS_SEARCH_USER_PATHS = NO;
				CLANG_ANALYZER_NONNULL = YES;
				CLANG_ANALYZER_NUMBER_OBJECT_CONVERSION = YES_AGGRESSIVE;
				CLANG_CXX_LANGUAGE_STANDARD = "gnu++17";
				CLANG_ENABLE_MODULES = YES;
				CLANG_ENABLE_OBJC_ARC = YES;
				CLANG_ENABLE_OBJC_WEAK = YES;
				CLANG_WARN_BLOCK_CAPTURE_AUTORELEASING = YES;
				CLANG_WARN_BOOL_CONVERSION = YES;
				CLANG_WARN_COMMA = YES;
				CLANG_WARN_CONSTANT_CONVERSION = YES;
				CLANG_WARN_DEPRECATED_OBJC_IMPLEMENTATIONS = YES;
				CLANG_WARN_DIRECT_OBJC_ISA_USAGE = YES_ERROR;
				CLANG_WARN_DOCUMENTATION_COMMENTS = YES;
				CLANG_WARN_EMPTY_BODY = YES;
				CLANG_WARN_ENUM_CONVERSION = YES;
				CLANG_WARN_INFINITE_RECURSION = YES;
				CLANG_WARN_INT_CONVERSION = YES;
				CLANG_WARN_NON_LITERAL_NULL_CONVERSION = YES;
				CLANG_WARN_OBJC_IMPLICIT_RETAIN_SELF = YES;
				CLANG_WARN_OBJC_LITERAL_CONVERSION = YES;
				CLANG_WARN_OBJC_ROOT_CLASS = YES_ERROR;
				CLANG_WARN_QUOTED_INCLUDE_IN_FRAMEWORK_HEADER = YES;
				CLANG_WARN_RANGE_LOOP_ANALYSIS = YES;
				CLANG_WARN_STRICT_PROTOTYPES = YES;
				CLANG_WARN_SUSPICIOUS_MOVE = YES;
				CLANG_WARN_UNGUARDED_AVAILABILITY = YES_AGGRESSIVE;
				CLANG_WARN_UNREACHABLE_CODE = YES;
				CLANG_WARN__DUPLICATE_METHOD_MATCH = YES;
				COPY_PHASE_STRIP = NO;
				DEBUG_INFORMATION_FORMAT = "dwarf-with-dsym";
				ENABLE_NS_ASSERTIONS = NO;
				ENABLE_STRICT_OBJC_MSGSEND = YES;
				GCC_C_LANGUAGE_STANDARD = gnu11;
				GCC_NO_COMMON_BLOCKS = YES;
				GCC_WARN_64_TO_32_BIT_CONVERSION = YES;
				GCC_WARN_ABOUT_RETURN_TYPE = YES_ERROR;
				GCC_WARN_UNDECLARED_SELECTOR = YES;
				GCC_WARN_UNINITIALIZED_AUTOS = YES_AGGRESSIVE;
				GCC_WARN_UNUSED_FUNCTION = YES;
				GCC_WARN_UNUSED_VARIABLE = YES;
				IPHONEOS_DEPLOYMENT_TARGET = 15.5;
				MTL_ENABLE_DEBUG_INFO = NO;
				MTL_FAST_MATH = YES;
				SDKROOT = iphoneos;
				SWIFT_COMPILATION_MODE = wholemodule;
				SWIFT_OPTIMIZATION_LEVEL = "-O";
				VALIDATE_PRODUCT = YES;
			};
			name = Release;
		};
		07A1338428375A1000FF74BE /* Debug */ = {
			isa = XCBuildConfiguration;
			buildSettings = {
				ASSETCATALOG_COMPILER_APPICON_NAME = AppIcon;
				ASSETCATALOG_COMPILER_GLOBAL_ACCENT_COLOR_NAME = AccentColor;
				CODE_SIGN_STYLE = Automatic;
				CURRENT_PROJECT_VERSION = 1;
				DEVELOPMENT_TEAM = T6RT73J9GG;
				GENERATE_INFOPLIST_FILE = YES;
				INFOPLIST_FILE = "Practice-TDD-Poker/Info.plist";
				INFOPLIST_KEY_UIApplicationSupportsIndirectInputEvents = YES;
				INFOPLIST_KEY_UILaunchStoryboardName = LaunchScreen;
				INFOPLIST_KEY_UIMainStoryboardFile = Main;
				INFOPLIST_KEY_UISupportedInterfaceOrientations_iPad = "UIInterfaceOrientationPortrait UIInterfaceOrientationPortraitUpsideDown UIInterfaceOrientationLandscapeLeft UIInterfaceOrientationLandscapeRight";
				INFOPLIST_KEY_UISupportedInterfaceOrientations_iPhone = "UIInterfaceOrientationPortrait UIInterfaceOrientationLandscapeLeft UIInterfaceOrientationLandscapeRight";
				LD_RUNPATH_SEARCH_PATHS = (
					"$(inherited)",
					"@executable_path/Frameworks",
				);
				MARKETING_VERSION = 1.0;
				PRODUCT_BUNDLE_IDENTIFIER = "com.MasakatsuTagishi.Practice-TDD-Poker";
				PRODUCT_NAME = "$(TARGET_NAME)";
				SWIFT_EMIT_LOC_STRINGS = YES;
				SWIFT_VERSION = 5.0;
				TARGETED_DEVICE_FAMILY = "1,2";
			};
			name = Debug;
		};
		07A1338528375A1000FF74BE /* Release */ = {
			isa = XCBuildConfiguration;
			buildSettings = {
				ASSETCATALOG_COMPILER_APPICON_NAME = AppIcon;
				ASSETCATALOG_COMPILER_GLOBAL_ACCENT_COLOR_NAME = AccentColor;
				CODE_SIGN_STYLE = Automatic;
				CURRENT_PROJECT_VERSION = 1;
				DEVELOPMENT_TEAM = T6RT73J9GG;
				GENERATE_INFOPLIST_FILE = YES;
				INFOPLIST_FILE = "Practice-TDD-Poker/Info.plist";
				INFOPLIST_KEY_UIApplicationSupportsIndirectInputEvents = YES;
				INFOPLIST_KEY_UILaunchStoryboardName = LaunchScreen;
				INFOPLIST_KEY_UIMainStoryboardFile = Main;
				INFOPLIST_KEY_UISupportedInterfaceOrientations_iPad = "UIInterfaceOrientationPortrait UIInterfaceOrientationPortraitUpsideDown UIInterfaceOrientationLandscapeLeft UIInterfaceOrientationLandscapeRight";
				INFOPLIST_KEY_UISupportedInterfaceOrientations_iPhone = "UIInterfaceOrientationPortrait UIInterfaceOrientationLandscapeLeft UIInterfaceOrientationLandscapeRight";
				LD_RUNPATH_SEARCH_PATHS = (
					"$(inherited)",
					"@executable_path/Frameworks",
				);
				MARKETING_VERSION = 1.0;
				PRODUCT_BUNDLE_IDENTIFIER = "com.MasakatsuTagishi.Practice-TDD-Poker";
				PRODUCT_NAME = "$(TARGET_NAME)";
				SWIFT_EMIT_LOC_STRINGS = YES;
				SWIFT_VERSION = 5.0;
				TARGETED_DEVICE_FAMILY = "1,2";
			};
			name = Release;
		};
		07A1338728375A1000FF74BE /* Debug */ = {
			isa = XCBuildConfiguration;
			buildSettings = {
				ALWAYS_EMBED_SWIFT_STANDARD_LIBRARIES = YES;
				BUNDLE_LOADER = "$(TEST_HOST)";
				CODE_SIGN_STYLE = Automatic;
				CURRENT_PROJECT_VERSION = 1;
				DEVELOPMENT_TEAM = T6RT73J9GG;
				GENERATE_INFOPLIST_FILE = YES;
				IPHONEOS_DEPLOYMENT_TARGET = 15.5;
				MARKETING_VERSION = 1.0;
				PRODUCT_BUNDLE_IDENTIFIER = "com.MasakatsuTagishi.Practice-TDD-PokerTests";
				PRODUCT_NAME = "$(TARGET_NAME)";
				SWIFT_EMIT_LOC_STRINGS = NO;
				SWIFT_VERSION = 5.0;
				TARGETED_DEVICE_FAMILY = "1,2";
				TEST_HOST = "$(BUILT_PRODUCTS_DIR)/Practice-TDD-Poker.app/Practice-TDD-Poker";
			};
			name = Debug;
		};
		07A1338828375A1000FF74BE /* Release */ = {
			isa = XCBuildConfiguration;
			buildSettings = {
				ALWAYS_EMBED_SWIFT_STANDARD_LIBRARIES = YES;
				BUNDLE_LOADER = "$(TEST_HOST)";
				CODE_SIGN_STYLE = Automatic;
				CURRENT_PROJECT_VERSION = 1;
				DEVELOPMENT_TEAM = T6RT73J9GG;
				GENERATE_INFOPLIST_FILE = YES;
				IPHONEOS_DEPLOYMENT_TARGET = 15.5;
				MARKETING_VERSION = 1.0;
				PRODUCT_BUNDLE_IDENTIFIER = "com.MasakatsuTagishi.Practice-TDD-PokerTests";
				PRODUCT_NAME = "$(TARGET_NAME)";
				SWIFT_EMIT_LOC_STRINGS = NO;
				SWIFT_VERSION = 5.0;
				TARGETED_DEVICE_FAMILY = "1,2";
				TEST_HOST = "$(BUILT_PRODUCTS_DIR)/Practice-TDD-Poker.app/Practice-TDD-Poker";
			};
			name = Release;
		};
		07A1338A28375A1000FF74BE /* Debug */ = {
			isa = XCBuildConfiguration;
			buildSettings = {
				ALWAYS_EMBED_SWIFT_STANDARD_LIBRARIES = YES;
				CODE_SIGN_STYLE = Automatic;
				CURRENT_PROJECT_VERSION = 1;
				DEVELOPMENT_TEAM = T6RT73J9GG;
				GENERATE_INFOPLIST_FILE = YES;
				MARKETING_VERSION = 1.0;
				PRODUCT_BUNDLE_IDENTIFIER = "com.MasakatsuTagishi.Practice-TDD-PokerUITests";
				PRODUCT_NAME = "$(TARGET_NAME)";
				SWIFT_EMIT_LOC_STRINGS = NO;
				SWIFT_VERSION = 5.0;
				TARGETED_DEVICE_FAMILY = "1,2";
				TEST_TARGET_NAME = "Practice-TDD-Poker";
			};
			name = Debug;
		};
		07A1338B28375A1000FF74BE /* Release */ = {
			isa = XCBuildConfiguration;
			buildSettings = {
				ALWAYS_EMBED_SWIFT_STANDARD_LIBRARIES = YES;
				CODE_SIGN_STYLE = Automatic;
				CURRENT_PROJECT_VERSION = 1;
				DEVELOPMENT_TEAM = T6RT73J9GG;
				GENERATE_INFOPLIST_FILE = YES;
				MARKETING_VERSION = 1.0;
				PRODUCT_BUNDLE_IDENTIFIER = "com.MasakatsuTagishi.Practice-TDD-PokerUITests";
				PRODUCT_NAME = "$(TARGET_NAME)";
				SWIFT_EMIT_LOC_STRINGS = NO;
				SWIFT_VERSION = 5.0;
				TARGETED_DEVICE_FAMILY = "1,2";
				TEST_TARGET_NAME = "Practice-TDD-Poker";
			};
			name = Release;
		};
/* End XCBuildConfiguration section */

/* Begin XCConfigurationList section */
		07A1335428375A0F00FF74BE /* Build configuration list for PBXProject "Practice-TDD-Poker" */ = {
			isa = XCConfigurationList;
			buildConfigurations = (
				07A1338128375A1000FF74BE /* Debug */,
				07A1338228375A1000FF74BE /* Release */,
			);
			defaultConfigurationIsVisible = 0;
			defaultConfigurationName = Release;
		};
		07A1338328375A1000FF74BE /* Build configuration list for PBXNativeTarget "Practice-TDD-Poker" */ = {
			isa = XCConfigurationList;
			buildConfigurations = (
				07A1338428375A1000FF74BE /* Debug */,
				07A1338528375A1000FF74BE /* Release */,
			);
			defaultConfigurationIsVisible = 0;
			defaultConfigurationName = Release;
		};
		07A1338628375A1000FF74BE /* Build configuration list for PBXNativeTarget "Practice-TDD-PokerTests" */ = {
			isa = XCConfigurationList;
			buildConfigurations = (
				07A1338728375A1000FF74BE /* Debug */,
				07A1338828375A1000FF74BE /* Release */,
			);
			defaultConfigurationIsVisible = 0;
			defaultConfigurationName = Release;
		};
		07A1338928375A1000FF74BE /* Build configuration list for PBXNativeTarget "Practice-TDD-PokerUITests" */ = {
			isa = XCConfigurationList;
			buildConfigurations = (
				07A1338A28375A1000FF74BE /* Debug */,
				07A1338B28375A1000FF74BE /* Release */,
			);
			defaultConfigurationIsVisible = 0;
			defaultConfigurationName = Release;
		};
/* End XCConfigurationList section */
	};
	rootObject = 07A1335128375A0F00FF74BE /* Project object */;
}
